// !$*UTF8*$!
{
	archiveVersion = 1;
	classes = {
	};
	objectVersion = 56;
	objects = {

/* Begin PBXBuildFile section */
		D8F2B0692AD4FF7100BC2F52 /* SwiftBasicApp.swift in Sources */ = {isa = PBXBuildFile; fileRef = D8F2B0682AD4FF7100BC2F52 /* SwiftBasicApp.swift */; };
		D8F2B06B2AD4FF7100BC2F52 /* ContentView.swift in Sources */ = {isa = PBXBuildFile; fileRef = D8F2B06A2AD4FF7100BC2F52 /* ContentView.swift */; };
		D8F2B06D2AD4FF7200BC2F52 /* Assets.xcassets in Resources */ = {isa = PBXBuildFile; fileRef = D8F2B06C2AD4FF7200BC2F52 /* Assets.xcassets */; };
		D8F2B0712AD4FF7200BC2F52 /* Preview Assets.xcassets in Resources */ = {isa = PBXBuildFile; fileRef = D8F2B0702AD4FF7200BC2F52 /* Preview Assets.xcassets */; };
		D8F2B0792AD504D500BC2F52 /* VariableType.swift in Sources */ = {isa = PBXBuildFile; fileRef = D8F2B0782AD504D500BC2F52 /* VariableType.swift */; };
		D8F2B07B2AD50A2500BC2F52 /* Collections.swift in Sources */ = {isa = PBXBuildFile; fileRef = D8F2B07A2AD50A2500BC2F52 /* Collections.swift */; };
		D8F2B07D2AD50FEF00BC2F52 /* Condition.swift in Sources */ = {isa = PBXBuildFile; fileRef = D8F2B07C2AD50FEF00BC2F52 /* Condition.swift */; };
		D8F2B07F2AD513D100BC2F52 /* Loop.swift in Sources */ = {isa = PBXBuildFile; fileRef = D8F2B07E2AD513D100BC2F52 /* Loop.swift */; };
		D8F2B0832AD5181E00BC2F52 /* Function.swift in Sources */ = {isa = PBXBuildFile; fileRef = D8F2B0822AD5181E00BC2F52 /* Function.swift */; };
		D8F2B0882AD5208E00BC2F52 /* Elevator.swift in Sources */ = {isa = PBXBuildFile; fileRef = D8F2B0872AD5208E00BC2F52 /* Elevator.swift */; };
		D8F2B08B2AD5250300BC2F52 /* DiffBtwStructAndClass.swift in Sources */ = {isa = PBXBuildFile; fileRef = D8F2B08A2AD5250300BC2F52 /* DiffBtwStructAndClass.swift */; };
		D8F2B08D2AD52D9300BC2F52 /* Enumeration.swift in Sources */ = {isa = PBXBuildFile; fileRef = D8F2B08C2AD52D9300BC2F52 /* Enumeration.swift */; };
		D8F2B08F2AD5327C00BC2F52 /* Switch.swift in Sources */ = {isa = PBXBuildFile; fileRef = D8F2B08E2AD5327C00BC2F52 /* Switch.swift */; };
		D8F2B0912AD538B000BC2F52 /* Nil.swift in Sources */ = {isa = PBXBuildFile; fileRef = D8F2B0902AD538B000BC2F52 /* Nil.swift */; };
		D8F2B0942AD55D4900BC2F52 /* Exception.swift in Sources */ = {isa = PBXBuildFile; fileRef = D8F2B0932AD55D4900BC2F52 /* Exception.swift */; };
		D8F2B0962AD5623B00BC2F52 /* MyCar.swift in Sources */ = {isa = PBXBuildFile; fileRef = D8F2B0952AD5623B00BC2F52 /* MyCar.swift */; };
		D8F2B0982AD5670100BC2F52 /* MyGeneric.swift in Sources */ = {isa = PBXBuildFile; fileRef = D8F2B0972AD5670100BC2F52 /* MyGeneric.swift */; };
/* End PBXBuildFile section */

/* Begin PBXFileReference section */
		D8F2B0652AD4FF7100BC2F52 /* SwiftBasic.app */ = {isa = PBXFileReference; explicitFileType = wrapper.application; includeInIndex = 0; path = SwiftBasic.app; sourceTree = BUILT_PRODUCTS_DIR; };
		D8F2B0682AD4FF7100BC2F52 /* SwiftBasicApp.swift */ = {isa = PBXFileReference; lastKnownFileType = sourcecode.swift; path = SwiftBasicApp.swift; sourceTree = "<group>"; };
		D8F2B06A2AD4FF7100BC2F52 /* ContentView.swift */ = {isa = PBXFileReference; lastKnownFileType = sourcecode.swift; path = ContentView.swift; sourceTree = "<group>"; };
		D8F2B06C2AD4FF7200BC2F52 /* Assets.xcassets */ = {isa = PBXFileReference; lastKnownFileType = folder.assetcatalog; path = Assets.xcassets; sourceTree = "<group>"; };
		D8F2B06E2AD4FF7200BC2F52 /* SwiftBasic.entitlements */ = {isa = PBXFileReference; lastKnownFileType = text.plist.entitlements; path = SwiftBasic.entitlements; sourceTree = "<group>"; };
		D8F2B0702AD4FF7200BC2F52 /* Preview Assets.xcassets */ = {isa = PBXFileReference; lastKnownFileType = folder.assetcatalog; path = "Preview Assets.xcassets"; sourceTree = "<group>"; };
		D8F2B0782AD504D500BC2F52 /* VariableType.swift */ = {isa = PBXFileReference; lastKnownFileType = sourcecode.swift; path = VariableType.swift; sourceTree = "<group>"; };
		D8F2B07A2AD50A2500BC2F52 /* Collections.swift */ = {isa = PBXFileReference; lastKnownFileType = sourcecode.swift; path = Collections.swift; sourceTree = "<group>"; };
		D8F2B07C2AD50FEF00BC2F52 /* Condition.swift */ = {isa = PBXFileReference; lastKnownFileType = sourcecode.swift; path = Condition.swift; sourceTree = "<group>"; };
		D8F2B07E2AD513D100BC2F52 /* Loop.swift */ = {isa = PBXFileReference; lastKnownFileType = sourcecode.swift; path = Loop.swift; sourceTree = "<group>"; };
		D8F2B0822AD5181E00BC2F52 /* Function.swift */ = {isa = PBXFileReference; lastKnownFileType = sourcecode.swift; path = Function.swift; sourceTree = "<group>"; };
		D8F2B0872AD5208E00BC2F52 /* Elevator.swift */ = {isa = PBXFileReference; lastKnownFileType = sourcecode.swift; path = Elevator.swift; sourceTree = "<group>"; };
		D8F2B08A2AD5250300BC2F52 /* DiffBtwStructAndClass.swift */ = {isa = PBXFileReference; lastKnownFileType = sourcecode.swift; path = DiffBtwStructAndClass.swift; sourceTree = "<group>"; };
		D8F2B08C2AD52D9300BC2F52 /* Enumeration.swift */ = {isa = PBXFileReference; lastKnownFileType = sourcecode.swift; path = Enumeration.swift; sourceTree = "<group>"; };
		D8F2B08E2AD5327C00BC2F52 /* Switch.swift */ = {isa = PBXFileReference; lastKnownFileType = sourcecode.swift; path = Switch.swift; sourceTree = "<group>"; };
		D8F2B0902AD538B000BC2F52 /* Nil.swift */ = {isa = PBXFileReference; lastKnownFileType = sourcecode.swift; path = Nil.swift; sourceTree = "<group>"; };
		D8F2B0932AD55D4900BC2F52 /* Exception.swift */ = {isa = PBXFileReference; lastKnownFileType = sourcecode.swift; path = Exception.swift; sourceTree = "<group>"; };
		D8F2B0952AD5623B00BC2F52 /* MyCar.swift */ = {isa = PBXFileReference; lastKnownFileType = sourcecode.swift; path = MyCar.swift; sourceTree = "<group>"; };
		D8F2B0972AD5670100BC2F52 /* MyGeneric.swift */ = {isa = PBXFileReference; lastKnownFileType = sourcecode.swift; path = MyGeneric.swift; sourceTree = "<group>"; };
/* End PBXFileReference section */

/* Begin PBXFrameworksBuildPhase section */
		D8F2B0622AD4FF7100BC2F52 /* Frameworks */ = {
			isa = PBXFrameworksBuildPhase;
			buildActionMask = 2147483647;
			files = (
			);
			runOnlyForDeploymentPostprocessing = 0;
		};
/* End PBXFrameworksBuildPhase section */

/* Begin PBXGroup section */
		D8F2B05C2AD4FF7100BC2F52 = {
			isa = PBXGroup;
			children = (
				D8F2B0672AD4FF7100BC2F52 /* SwiftBasic */,
				D8F2B0662AD4FF7100BC2F52 /* Products */,
			);
			sourceTree = "<group>";
		};
		D8F2B0662AD4FF7100BC2F52 /* Products */ = {
			isa = PBXGroup;
			children = (
				D8F2B0652AD4FF7100BC2F52 /* SwiftBasic.app */,
			);
			name = Products;
			sourceTree = "<group>";
		};
		D8F2B0672AD4FF7100BC2F52 /* SwiftBasic */ = {
			isa = PBXGroup;
			children = (
				D8F2B0682AD4FF7100BC2F52 /* SwiftBasicApp.swift */,
				D8F2B09A2AD56B5100BC2F52 /* Part1.개발에필요한기초문법 */,
				D8F2B06C2AD4FF7200BC2F52 /* Assets.xcassets */,
				D8F2B06E2AD4FF7200BC2F52 /* SwiftBasic.entitlements */,
				D8F2B06F2AD4FF7200BC2F52 /* Preview Content */,
			);
			path = SwiftBasic;
			sourceTree = "<group>";
		};
		D8F2B06F2AD4FF7200BC2F52 /* Preview Content */ = {
			isa = PBXGroup;
			children = (
				D8F2B0702AD4FF7200BC2F52 /* Preview Assets.xcassets */,
			);
			path = "Preview Content";
			sourceTree = "<group>";
		};
		D8F2B0772AD504B400BC2F52 /* Ch2.문법의첫걸음 */ = {
			isa = PBXGroup;
			children = (
				D8F2B06A2AD4FF7100BC2F52 /* ContentView.swift */,
				D8F2B0782AD504D500BC2F52 /* VariableType.swift */,
				D8F2B07A2AD50A2500BC2F52 /* Collections.swift */,
				D8F2B07C2AD50FEF00BC2F52 /* Condition.swift */,
				D8F2B07E2AD513D100BC2F52 /* Loop.swift */,
				D8F2B0822AD5181E00BC2F52 /* Function.swift */,
			);
			name = "Ch2.문법의첫걸음";
			path = "Ch2.문법의첫걸음";
			sourceTree = "<group>";
		};
		D8F2B0892AD5209500BC2F52 /* Ch3.코드로구조잡기 */ = {
			isa = PBXGroup;
			children = (
				D8F2B0872AD5208E00BC2F52 /* Elevator.swift */,
				D8F2B08A2AD5250300BC2F52 /* DiffBtwStructAndClass.swift */,
				D8F2B08C2AD52D9300BC2F52 /* Enumeration.swift */,
				D8F2B08E2AD5327C00BC2F52 /* Switch.swift */,
				D8F2B0902AD538B000BC2F52 /* Nil.swift */,
			);
			name = "Ch3.코드로구조잡기";
			path = "Ch3.코드로구조잡기";
			sourceTree = "<group>";
		};
		D8F2B0922AD55CF100BC2F52 /* Ch4.문법활용해서코딩하기 */ = {
			isa = PBXGroup;
			children = (
				D8F2B0932AD55D4900BC2F52 /* Exception.swift */,
				D8F2B0952AD5623B00BC2F52 /* MyCar.swift */,
				D8F2B0972AD5670100BC2F52 /* MyGeneric.swift */,
			);
			name = "Ch4.문법활용해서코딩하기";
			path = "Ch4.문법활용해서코딩하기";
			sourceTree = "<group>";
		};
		D8F2B09A2AD56B5100BC2F52 /* Part1.개발에필요한기초문법 */ = {
			isa = PBXGroup;
			children = (
				D8F2B0772AD504B400BC2F52 /* Ch2.문법의첫걸음 */,
				D8F2B0892AD5209500BC2F52 /* Ch3.코드로구조잡기 */,
				D8F2B0922AD55CF100BC2F52 /* Ch4.문법활용해서코딩하기 */,
			);
			name = "Part1.개발에필요한기초문법";
			path = "Part1.개발에필요한기초문법";
			sourceTree = "<group>";
		};
/* End PBXGroup section */

/* Begin PBXNativeTarget section */
		D8F2B0642AD4FF7100BC2F52 /* SwiftBasic */ = {
			isa = PBXNativeTarget;
			buildConfigurationList = D8F2B0742AD4FF7200BC2F52 /* Build configuration list for PBXNativeTarget "SwiftBasic" */;
			buildPhases = (
				D8F2B0612AD4FF7100BC2F52 /* Sources */,
				D8F2B0622AD4FF7100BC2F52 /* Frameworks */,
				D8F2B0632AD4FF7100BC2F52 /* Resources */,
			);
			buildRules = (
			);
			dependencies = (
			);
			name = SwiftBasic;
			productName = SwiftBasic;
			productReference = D8F2B0652AD4FF7100BC2F52 /* SwiftBasic.app */;
			productType = "com.apple.product-type.application";
		};
/* End PBXNativeTarget section */

/* Begin PBXProject section */
		D8F2B05D2AD4FF7100BC2F52 /* Project object */ = {
			isa = PBXProject;
			attributes = {
				BuildIndependentTargetsInParallel = 1;
				LastSwiftUpdateCheck = 1430;
				LastUpgradeCheck = 1430;
				TargetAttributes = {
					D8F2B0642AD4FF7100BC2F52 = {
						CreatedOnToolsVersion = 14.3.1;
					};
				};
			};
			buildConfigurationList = D8F2B0602AD4FF7100BC2F52 /* Build configuration list for PBXProject "SwiftBasic" */;
			compatibilityVersion = "Xcode 14.0";
			developmentRegion = en;
			hasScannedForEncodings = 0;
			knownRegions = (
				en,
				Base,
			);
			mainGroup = D8F2B05C2AD4FF7100BC2F52;
			productRefGroup = D8F2B0662AD4FF7100BC2F52 /* Products */;
			projectDirPath = "";
			projectRoot = "";
			targets = (
				D8F2B0642AD4FF7100BC2F52 /* SwiftBasic */,
			);
		};
/* End PBXProject section */

/* Begin PBXResourcesBuildPhase section */
		D8F2B0632AD4FF7100BC2F52 /* Resources */ = {
			isa = PBXResourcesBuildPhase;
			buildActionMask = 2147483647;
			files = (
				D8F2B0712AD4FF7200BC2F52 /* Preview Assets.xcassets in Resources */,
				D8F2B06D2AD4FF7200BC2F52 /* Assets.xcassets in Resources */,
			);
			runOnlyForDeploymentPostprocessing = 0;
		};
/* End PBXResourcesBuildPhase section */

/* Begin PBXSourcesBuildPhase section */
		D8F2B0612AD4FF7100BC2F52 /* Sources */ = {
			isa = PBXSourcesBuildPhase;
			buildActionMask = 2147483647;
			files = (
				D8F2B0792AD504D500BC2F52 /* VariableType.swift in Sources */,
				D8F2B08D2AD52D9300BC2F52 /* Enumeration.swift in Sources */,
				D8F2B0962AD5623B00BC2F52 /* MyCar.swift in Sources */,
				D8F2B06B2AD4FF7100BC2F52 /* ContentView.swift in Sources */,
				D8F2B08F2AD5327C00BC2F52 /* Switch.swift in Sources */,
				D8F2B0982AD5670100BC2F52 /* MyGeneric.swift in Sources */,
				D8F2B0832AD5181E00BC2F52 /* Function.swift in Sources */,
				D8F2B0882AD5208E00BC2F52 /* Elevator.swift in Sources */,
				D8F2B0692AD4FF7100BC2F52 /* SwiftBasicApp.swift in Sources */,
				D8F2B0912AD538B000BC2F52 /* Nil.swift in Sources */,
				D8F2B0942AD55D4900BC2F52 /* Exception.swift in Sources */,
				D8F2B08B2AD5250300BC2F52 /* DiffBtwStructAndClass.swift in Sources */,
				D8F2B07F2AD513D100BC2F52 /* Loop.swift in Sources */,
				D8F2B07B2AD50A2500BC2F52 /* Collections.swift in Sources */,
				D8F2B07D2AD50FEF00BC2F52 /* Condition.swift in Sources */,
			);
			runOnlyForDeploymentPostprocessing = 0;
		};
/* End PBXSourcesBuildPhase section */

/* Begin XCBuildConfiguration section */
		D8F2B0722AD4FF7200BC2F52 /* Debug */ = {
			isa = XCBuildConfiguration;
			buildSettings = {
				ALWAYS_SEARCH_USER_PATHS = NO;
				CLANG_ANALYZER_NONNULL = YES;
				CLANG_ANALYZER_NUMBER_OBJECT_CONVERSION = YES_AGGRESSIVE;
				CLANG_CXX_LANGUAGE_STANDARD = "gnu++20";
				CLANG_ENABLE_MODULES = YES;
				CLANG_ENABLE_OBJC_ARC = YES;
				CLANG_ENABLE_OBJC_WEAK = YES;
				CLANG_WARN_BLOCK_CAPTURE_AUTORELEASING = YES;
				CLANG_WARN_BOOL_CONVERSION = YES;
				CLANG_WARN_COMMA = YES;
				CLANG_WARN_CONSTANT_CONVERSION = YES;
				CLANG_WARN_DEPRECATED_OBJC_IMPLEMENTATIONS = YES;
				CLANG_WARN_DIRECT_OBJC_ISA_USAGE = YES_ERROR;
				CLANG_WARN_DOCUMENTATION_COMMENTS = YES;
				CLANG_WARN_EMPTY_BODY = YES;
				CLANG_WARN_ENUM_CONVERSION = YES;
				CLANG_WARN_INFINITE_RECURSION = YES;
				CLANG_WARN_INT_CONVERSION = YES;
				CLANG_WARN_NON_LITERAL_NULL_CONVERSION = YES;
				CLANG_WARN_OBJC_IMPLICIT_RETAIN_SELF = YES;
				CLANG_WARN_OBJC_LITERAL_CONVERSION = YES;
				CLANG_WARN_OBJC_ROOT_CLASS = YES_ERROR;
				CLANG_WARN_QUOTED_INCLUDE_IN_FRAMEWORK_HEADER = YES;
				CLANG_WARN_RANGE_LOOP_ANALYSIS = YES;
				CLANG_WARN_STRICT_PROTOTYPES = YES;
				CLANG_WARN_SUSPICIOUS_MOVE = YES;
				CLANG_WARN_UNGUARDED_AVAILABILITY = YES_AGGRESSIVE;
				CLANG_WARN_UNREACHABLE_CODE = YES;
				CLANG_WARN__DUPLICATE_METHOD_MATCH = YES;
				COPY_PHASE_STRIP = NO;
				DEBUG_INFORMATION_FORMAT = dwarf;
				ENABLE_STRICT_OBJC_MSGSEND = YES;
				ENABLE_TESTABILITY = YES;
				GCC_C_LANGUAGE_STANDARD = gnu11;
				GCC_DYNAMIC_NO_PIC = NO;
				GCC_NO_COMMON_BLOCKS = YES;
				GCC_OPTIMIZATION_LEVEL = 0;
				GCC_PREPROCESSOR_DEFINITIONS = (
					"DEBUG=1",
					"$(inherited)",
				);
				GCC_WARN_64_TO_32_BIT_CONVERSION = YES;
				GCC_WARN_ABOUT_RETURN_TYPE = YES_ERROR;
				GCC_WARN_UNDECLARED_SELECTOR = YES;
				GCC_WARN_UNINITIALIZED_AUTOS = YES_AGGRESSIVE;
				GCC_WARN_UNUSED_FUNCTION = YES;
				GCC_WARN_UNUSED_VARIABLE = YES;
				MTL_ENABLE_DEBUG_INFO = INCLUDE_SOURCE;
				MTL_FAST_MATH = YES;
				ONLY_ACTIVE_ARCH = YES;
				SWIFT_ACTIVE_COMPILATION_CONDITIONS = DEBUG;
				SWIFT_OPTIMIZATION_LEVEL = "-Onone";
			};
			name = Debug;
		};
		D8F2B0732AD4FF7200BC2F52 /* Release */ = {
			isa = XCBuildConfiguration;
			buildSettings = {
				ALWAYS_SEARCH_USER_PATHS = NO;
				CLANG_ANALYZER_NONNULL = YES;
				CLANG_ANALYZER_NUMBER_OBJECT_CONVERSION = YES_AGGRESSIVE;
				CLANG_CXX_LANGUAGE_STANDARD = "gnu++20";
				CLANG_ENABLE_MODULES = YES;
				CLANG_ENABLE_OBJC_ARC = YES;
				CLANG_ENABLE_OBJC_WEAK = YES;
				CLANG_WARN_BLOCK_CAPTURE_AUTORELEASING = YES;
				CLANG_WARN_BOOL_CONVERSION = YES;
				CLANG_WARN_COMMA = YES;
				CLANG_WARN_CONSTANT_CONVERSION = YES;
				CLANG_WARN_DEPRECATED_OBJC_IMPLEMENTATIONS = YES;
				CLANG_WARN_DIRECT_OBJC_ISA_USAGE = YES_ERROR;
				CLANG_WARN_DOCUMENTATION_COMMENTS = YES;
				CLANG_WARN_EMPTY_BODY = YES;
				CLANG_WARN_ENUM_CONVERSION = YES;
				CLANG_WARN_INFINITE_RECURSION = YES;
				CLANG_WARN_INT_CONVERSION = YES;
				CLANG_WARN_NON_LITERAL_NULL_CONVERSION = YES;
				CLANG_WARN_OBJC_IMPLICIT_RETAIN_SELF = YES;
				CLANG_WARN_OBJC_LITERAL_CONVERSION = YES;
				CLANG_WARN_OBJC_ROOT_CLASS = YES_ERROR;
				CLANG_WARN_QUOTED_INCLUDE_IN_FRAMEWORK_HEADER = YES;
				CLANG_WARN_RANGE_LOOP_ANALYSIS = YES;
				CLANG_WARN_STRICT_PROTOTYPES = YES;
				CLANG_WARN_SUSPICIOUS_MOVE = YES;
				CLANG_WARN_UNGUARDED_AVAILABILITY = YES_AGGRESSIVE;
				CLANG_WARN_UNREACHABLE_CODE = YES;
				CLANG_WARN__DUPLICATE_METHOD_MATCH = YES;
				COPY_PHASE_STRIP = NO;
				DEBUG_INFORMATION_FORMAT = "dwarf-with-dsym";
				ENABLE_NS_ASSERTIONS = NO;
				ENABLE_STRICT_OBJC_MSGSEND = YES;
				GCC_C_LANGUAGE_STANDARD = gnu11;
				GCC_NO_COMMON_BLOCKS = YES;
				GCC_WARN_64_TO_32_BIT_CONVERSION = YES;
				GCC_WARN_ABOUT_RETURN_TYPE = YES_ERROR;
				GCC_WARN_UNDECLARED_SELECTOR = YES;
				GCC_WARN_UNINITIALIZED_AUTOS = YES_AGGRESSIVE;
				GCC_WARN_UNUSED_FUNCTION = YES;
				GCC_WARN_UNUSED_VARIABLE = YES;
				MTL_ENABLE_DEBUG_INFO = NO;
				MTL_FAST_MATH = YES;
				SWIFT_COMPILATION_MODE = wholemodule;
				SWIFT_OPTIMIZATION_LEVEL = "-O";
			};
			name = Release;
		};
		D8F2B0752AD4FF7200BC2F52 /* Debug */ = {
			isa = XCBuildConfiguration;
			buildSettings = {
				ASSETCATALOG_COMPILER_APPICON_NAME = AppIcon;
				ASSETCATALOG_COMPILER_GLOBAL_ACCENT_COLOR_NAME = AccentColor;
				CODE_SIGN_ENTITLEMENTS = SwiftBasic/SwiftBasic.entitlements;
				CODE_SIGN_STYLE = Automatic;
				CURRENT_PROJECT_VERSION = 1;
				DEVELOPMENT_ASSET_PATHS = "\"SwiftBasic/Preview Content\"";
				DEVELOPMENT_TEAM = Q9UQ8U75N8;
				ENABLE_HARDENED_RUNTIME = YES;
				ENABLE_PREVIEWS = YES;
				GENERATE_INFOPLIST_FILE = YES;
				"INFOPLIST_KEY_UIApplicationSceneManifest_Generation[sdk=iphoneos*]" = YES;
				"INFOPLIST_KEY_UIApplicationSceneManifest_Generation[sdk=iphonesimulator*]" = YES;
				"INFOPLIST_KEY_UIApplicationSupportsIndirectInputEvents[sdk=iphoneos*]" = YES;
				"INFOPLIST_KEY_UIApplicationSupportsIndirectInputEvents[sdk=iphonesimulator*]" = YES;
				"INFOPLIST_KEY_UILaunchScreen_Generation[sdk=iphoneos*]" = YES;
				"INFOPLIST_KEY_UILaunchScreen_Generation[sdk=iphonesimulator*]" = YES;
				"INFOPLIST_KEY_UIStatusBarStyle[sdk=iphoneos*]" = UIStatusBarStyleDefault;
				"INFOPLIST_KEY_UIStatusBarStyle[sdk=iphonesimulator*]" = UIStatusBarStyleDefault;
				INFOPLIST_KEY_UISupportedInterfaceOrientations_iPad = "UIInterfaceOrientationPortrait UIInterfaceOrientationPortraitUpsideDown UIInterfaceOrientationLandscapeLeft UIInterfaceOrientationLandscapeRight";
				INFOPLIST_KEY_UISupportedInterfaceOrientations_iPhone = "UIInterfaceOrientationPortrait UIInterfaceOrientationLandscapeLeft UIInterfaceOrientationLandscapeRight";
				IPHONEOS_DEPLOYMENT_TARGET = 16.4;
				LD_RUNPATH_SEARCH_PATHS = "@executable_path/Frameworks";
				"LD_RUNPATH_SEARCH_PATHS[sdk=macosx*]" = "@executable_path/../Frameworks";
				MACOSX_DEPLOYMENT_TARGET = 13.0;
				MARKETING_VERSION = 1.0;
				PRODUCT_BUNDLE_IDENTIFIER = dodor.SwiftBasic;
				PRODUCT_NAME = "$(TARGET_NAME)";
				SDKROOT = auto;
				SUPPORTED_PLATFORMS = "iphoneos iphonesimulator macosx";
				SWIFT_EMIT_LOC_STRINGS = YES;
				SWIFT_VERSION = 5.0;
				TARGETED_DEVICE_FAMILY = "1,2";
			};
			name = Debug;
		};
		D8F2B0762AD4FF7200BC2F52 /* Release */ = {
			isa = XCBuildConfiguration;
			buildSettings = {
				ASSETCATALOG_COMPILER_APPICON_NAME = AppIcon;
				ASSETCATALOG_COMPILER_GLOBAL_ACCENT_COLOR_NAME = AccentColor;
				CODE_SIGN_ENTITLEMENTS = SwiftBasic/SwiftBasic.entitlements;
				CODE_SIGN_STYLE = Automatic;
				CURRENT_PROJECT_VERSION = 1;
				DEVELOPMENT_ASSET_PATHS = "\"SwiftBasic/Preview Content\"";
				DEVELOPMENT_TEAM = Q9UQ8U75N8;
				ENABLE_HARDENED_RUNTIME = YES;
				ENABLE_PREVIEWS = YES;
				GENERATE_INFOPLIST_FILE = YES;
				"INFOPLIST_KEY_UIApplicationSceneManifest_Generation[sdk=iphoneos*]" = YES;
				"INFOPLIST_KEY_UIApplicationSceneManifest_Generation[sdk=iphonesimulator*]" = YES;
				"INFOPLIST_KEY_UIApplicationSupportsIndirectInputEvents[sdk=iphoneos*]" = YES;
				"INFOPLIST_KEY_UIApplicationSupportsIndirectInputEvents[sdk=iphonesimulator*]" = YES;
				"INFOPLIST_KEY_UILaunchScreen_Generation[sdk=iphoneos*]" = YES;
				"INFOPLIST_KEY_UILaunchScreen_Generation[sdk=iphonesimulator*]" = YES;
				"INFOPLIST_KEY_UIStatusBarStyle[sdk=iphoneos*]" = UIStatusBarStyleDefault;
				"INFOPLIST_KEY_UIStatusBarStyle[sdk=iphonesimulator*]" = UIStatusBarStyleDefault;
				INFOPLIST_KEY_UISupportedInterfaceOrientations_iPad = "UIInterfaceOrientationPortrait UIInterfaceOrientationPortraitUpsideDown UIInterfaceOrientationLandscapeLeft UIInterfaceOrientationLandscapeRight";
				INFOPLIST_KEY_UISupportedInterfaceOrientations_iPhone = "UIInterfaceOrientationPortrait UIInterfaceOrientationLandscapeLeft UIInterfaceOrientationLandscapeRight";
				IPHONEOS_DEPLOYMENT_TARGET = 16.4;
				LD_RUNPATH_SEARCH_PATHS = "@executable_path/Frameworks";
				"LD_RUNPATH_SEARCH_PATHS[sdk=macosx*]" = "@executable_path/../Frameworks";
				MACOSX_DEPLOYMENT_TARGET = 13.0;
				MARKETING_VERSION = 1.0;
				PRODUCT_BUNDLE_IDENTIFIER = dodor.SwiftBasic;
				PRODUCT_NAME = "$(TARGET_NAME)";
				SDKROOT = auto;
				SUPPORTED_PLATFORMS = "iphoneos iphonesimulator macosx";
				SWIFT_EMIT_LOC_STRINGS = YES;
				SWIFT_VERSION = 5.0;
				TARGETED_DEVICE_FAMILY = "1,2";
			};
			name = Release;
		};
/* End XCBuildConfiguration section */

/* Begin XCConfigurationList section */
		D8F2B0602AD4FF7100BC2F52 /* Build configuration list for PBXProject "SwiftBasic" */ = {
			isa = XCConfigurationList;
			buildConfigurations = (
				D8F2B0722AD4FF7200BC2F52 /* Debug */,
				D8F2B0732AD4FF7200BC2F52 /* Release */,
			);
			defaultConfigurationIsVisible = 0;
			defaultConfigurationName = Release;
		};
		D8F2B0742AD4FF7200BC2F52 /* Build configuration list for PBXNativeTarget "SwiftBasic" */ = {
			isa = XCConfigurationList;
			buildConfigurations = (
				D8F2B0752AD4FF7200BC2F52 /* Debug */,
				D8F2B0762AD4FF7200BC2F52 /* Release */,
			);
			defaultConfigurationIsVisible = 0;
			defaultConfigurationName = Release;
		};
/* End XCConfigurationList section */
	};
	rootObject = D8F2B05D2AD4FF7100BC2F52 /* Project object */;
}
